
Microsoft Visual Studio Solution File, Format Version 12.00
# Visual Studio Version 17
VisualStudioVersion = 17.14.36221.1 d17.14
MinimumVisualStudioVersion = 10.0.40219.1
Project("{54A90642-561A-4BB1-A94E-469ADEE60C69}") = "WeddingAqilSyafiqah", "WeddingAqilSyafiqah.esproj", "{D0A55858-4D59-CDE6-7513-D8C76BC61582}"
EndProject
Global
	GlobalSection(SolutionConfigurationPlatforms) = preSolution
		Debug|Any CPU = Debug|Any CPU
		Release|Any CPU = Release|Any CPU
	EndGlobalSection
	GlobalSection(ProjectConfigurationPlatforms) = postSolution
		{D0A55858-4D59-CDE6-7513-D8C76BC61582}.Debug|Any CPU.ActiveCfg = Debug|Any CPU
		{D0A55858-4D59-CDE6-7513-D8C76BC61582}.Debug|Any CPU.Build.0 = Debug|Any CPU
		{D0A55858-4D59-CDE6-7513-D8C76BC61582}.Debug|Any CPU.Deploy.0 = Debug|Any CPU
		{D0A55858-4D59-CDE6-7513-D8C76BC61582}.Release|Any CPU.ActiveCfg = Release|Any CPU
		{D0A55858-4D59-CDE6-7513-D8C76BC61582}.Release|Any CPU.Build.0 = Release|Any CPU
		{D0A55858-4D59-CDE6-7513-D8C76BC61582}.Release|Any CPU.Deploy.0 = Release|Any CPU
	EndGlobalSection
	GlobalSection(SolutionProperties) = preSolution
		HideSolutionNode = FALSE
	EndGlobalSection
	GlobalSection(ExtensibilityGlobals) = postSolution
		SolutionGuid = {213FF9D8-7223-4A82-A832-7417A68794DA}
	EndGlobalSection
EndGlobal
